{
  "name": "1701sum",
  "requires": true,
  "lockfileVersion": 1,
  "dependencies": {
    "bootstrap": {
      "version": "3.3.7",
      "resolved": "https://registry.npmjs.org/bootstrap/-/bootstrap-3.3.7.tgz",
      "integrity": "sha1-WjiTlFSfIzMIdaOxUGVldPip63E="
    },
    "jquery": {
      "version": "3.2.1",
      "resolved": "https://registry.npmjs.org/jquery/-/jquery-3.2.1.tgz",
      "integrity": "sha1-XE2d5lKvbNCncBVKYxu6ErAVx4c="
    },
    "summernote": {
      "version": "0.8.8",
      "resolved": "https://registry.npmjs.org/summernote/-/summernote-0.8.8.tgz",
      "integrity": "sha1-MkT/lF5awWcFGdSwxBjkA0Ecrj4=",
      "requires": {
        "bootstrap": "3.3.7"
      }
    }
  }
}
